
Microsoft Visual Studio Solution File, Format Version 12.00
# Visual Studio 15
VisualStudioVersion = 15.0.26430.6
MinimumVisualStudioVersion = 10.0.40219.1
Project("{FAE04EC0-301F-11D3-BF4B-00C04F79EFBC}") = "Terrasoft.WebApp", "Terrasoft.WebApp\Terrasoft.WebApp.csproj", "{92F8B67D-0CE2-46A6-AE79-15DB9C52D20E}"
EndProject
Project("{FAE04EC0-301F-11D3-BF4B-00C04F79EFBC}") = "Terrasoft.WebAppActorSystem", "Terrasoft.WebAppActorSystem\Terrasoft.WebAppActorSystem.csproj", "{02ED25B3-381C-4EA5-9135-5A5BAD5D7CF1}"
EndProject
Project("{FAE04EC0-301F-11D3-BF4B-00C04F79EFBC}") = "Terrasoft.Core.Process", "Terrasoft.Core.Process\Terrasoft.Core.Process.csproj", "{CBEFB1AC-6D0A-4188-AECD-D2AC1A202690}"
EndProject
Project("{FAE04EC0-301F-11D3-BF4B-00C04F79EFBC}") = "Terrasoft.Core", "Terrasoft.Core\Terrasoft.Core.csproj", "{BB469322-7DAD-40DE-9B90-54F1BA31D0CE}"
EndProject
Global
	GlobalSection(SolutionConfigurationPlatforms) = preSolution
		Debug|Any CPU = Debug|Any CPU
		Release|Any CPU = Release|Any CPU
	EndGlobalSection
	GlobalSection(ProjectConfigurationPlatforms) = postSolution
		{92F8B67D-0CE2-46A6-AE79-15DB9C52D20E}.Debug|Any CPU.ActiveCfg = Debug|Any CPU
		{92F8B67D-0CE2-46A6-AE79-15DB9C52D20E}.Debug|Any CPU.Build.0 = Debug|Any CPU
		{92F8B67D-0CE2-46A6-AE79-15DB9C52D20E}.Release|Any CPU.ActiveCfg = Release|Any CPU
		{92F8B67D-0CE2-46A6-AE79-15DB9C52D20E}.Release|Any CPU.Build.0 = Release|Any CPU
		{02ED25B3-381C-4EA5-9135-5A5BAD5D7CF1}.Debug|Any CPU.ActiveCfg = Debug|Any CPU
		{02ED25B3-381C-4EA5-9135-5A5BAD5D7CF1}.Debug|Any CPU.Build.0 = Debug|Any CPU
		{02ED25B3-381C-4EA5-9135-5A5BAD5D7CF1}.Release|Any CPU.ActiveCfg = Release|Any CPU
		{02ED25B3-381C-4EA5-9135-5A5BAD5D7CF1}.Release|Any CPU.Build.0 = Release|Any CPU
		{CBEFB1AC-6D0A-4188-AECD-D2AC1A202690}.Debug|Any CPU.ActiveCfg = Debug|Any CPU
		{CBEFB1AC-6D0A-4188-AECD-D2AC1A202690}.Debug|Any CPU.Build.0 = Debug|Any CPU
		{CBEFB1AC-6D0A-4188-AECD-D2AC1A202690}.Release|Any CPU.ActiveCfg = Release|Any CPU
		{CBEFB1AC-6D0A-4188-AECD-D2AC1A202690}.Release|Any CPU.Build.0 = Release|Any CPU
		{BB469322-7DAD-40DE-9B90-54F1BA31D0CE}.Debug|Any CPU.ActiveCfg = Debug|Any CPU
		{BB469322-7DAD-40DE-9B90-54F1BA31D0CE}.Debug|Any CPU.Build.0 = Debug|Any CPU
		{BB469322-7DAD-40DE-9B90-54F1BA31D0CE}.Release|Any CPU.ActiveCfg = Release|Any CPU
		{BB469322-7DAD-40DE-9B90-54F1BA31D0CE}.Release|Any CPU.Build.0 = Release|Any CPU
	EndGlobalSection
	GlobalSection(SolutionProperties) = preSolution
		HideSolutionNode = FALSE
	EndGlobalSection
EndGlobal
